// !$*UTF8*$!
{
	archiveVersion = 1;
	classes = {
	};
	objectVersion = 48;
	objects = {

/* Begin PBXBuildFile section */
		037035AE5038A423CF3437FA /* Pods_CS_490_APP.framework in Frameworks */ = {isa = PBXBuildFile; fileRef = C63A95907A5B9AB0FB245B8B /* Pods_CS_490_APP.framework */; };
		82FF65A320277F3200AAA865 /* AppDelegate.swift in Sources */ = {isa = PBXBuildFile; fileRef = 82FF65A220277F3200AAA865 /* AppDelegate.swift */; };
		82FF65A520277F3200AAA865 /* ViewController.swift in Sources */ = {isa = PBXBuildFile; fileRef = 82FF65A420277F3200AAA865 /* ViewController.swift */; };
		82FF65A820277F3200AAA865 /* Main.storyboard in Resources */ = {isa = PBXBuildFile; fileRef = 82FF65A620277F3200AAA865 /* Main.storyboard */; };
		82FF65AB20277F3200AAA865 /* CS_490_APP.xcdatamodeld in Sources */ = {isa = PBXBuildFile; fileRef = 82FF65A920277F3200AAA865 /* CS_490_APP.xcdatamodeld */; };
		82FF65AD20277F3200AAA865 /* Assets.xcassets in Resources */ = {isa = PBXBuildFile; fileRef = 82FF65AC20277F3200AAA865 /* Assets.xcassets */; };
		82FF65B020277F3200AAA865 /* LaunchScreen.storyboard in Resources */ = {isa = PBXBuildFile; fileRef = 82FF65AE20277F3200AAA865 /* LaunchScreen.storyboard */; };
		82FF65B92028F9FD00AAA865 /* TVShow.swift in Sources */ = {isa = PBXBuildFile; fileRef = 82FF65B82028F9FD00AAA865 /* TVShow.swift */; };
/* End PBXBuildFile section */

/* Begin PBXFileReference section */
		7C8792753E53BA50DB188F95 /* Pods-CS 490 APP.release.xcconfig */ = {isa = PBXFileReference; includeInIndex = 1; lastKnownFileType = text.xcconfig; name = "Pods-CS 490 APP.release.xcconfig"; path = "Pods/Target Support Files/Pods-CS 490 APP/Pods-CS 490 APP.release.xcconfig"; sourceTree = "<group>"; };
		82FF659F20277F3200AAA865 /* CS 490 APP.app */ = {isa = PBXFileReference; explicitFileType = wrapper.application; includeInIndex = 0; path = "CS 490 APP.app"; sourceTree = BUILT_PRODUCTS_DIR; };
		82FF65A220277F3200AAA865 /* AppDelegate.swift */ = {isa = PBXFileReference; lastKnownFileType = sourcecode.swift; path = AppDelegate.swift; sourceTree = "<group>"; };
		82FF65A420277F3200AAA865 /* ViewController.swift */ = {isa = PBXFileReference; lastKnownFileType = sourcecode.swift; path = ViewController.swift; sourceTree = "<group>"; };
		82FF65A720277F3200AAA865 /* Base */ = {isa = PBXFileReference; lastKnownFileType = file.storyboard; name = Base; path = Base.lproj/Main.storyboard; sourceTree = "<group>"; };
		82FF65AA20277F3200AAA865 /* CS_490_APP.xcdatamodel */ = {isa = PBXFileReference; lastKnownFileType = wrapper.xcdatamodel; path = CS_490_APP.xcdatamodel; sourceTree = "<group>"; };
		82FF65AC20277F3200AAA865 /* Assets.xcassets */ = {isa = PBXFileReference; lastKnownFileType = folder.assetcatalog; path = Assets.xcassets; sourceTree = "<group>"; };
		82FF65AF20277F3200AAA865 /* Base */ = {isa = PBXFileReference; lastKnownFileType = file.storyboard; name = Base; path = Base.lproj/LaunchScreen.storyboard; sourceTree = "<group>"; };
		82FF65B120277F3200AAA865 /* Info.plist */ = {isa = PBXFileReference; lastKnownFileType = text.plist.xml; path = Info.plist; sourceTree = "<group>"; };
		82FF65B82028F9FD00AAA865 /* TVShow.swift */ = {isa = PBXFileReference; lastKnownFileType = sourcecode.swift; path = TVShow.swift; sourceTree = "<group>"; };
		C63A95907A5B9AB0FB245B8B /* Pods_CS_490_APP.framework */ = {isa = PBXFileReference; explicitFileType = wrapper.framework; includeInIndex = 0; path = Pods_CS_490_APP.framework; sourceTree = BUILT_PRODUCTS_DIR; };
		CE0066E03A3497C86766576C /* Pods-CS 490 APP.debug.xcconfig */ = {isa = PBXFileReference; includeInIndex = 1; lastKnownFileType = text.xcconfig; name = "Pods-CS 490 APP.debug.xcconfig"; path = "Pods/Target Support Files/Pods-CS 490 APP/Pods-CS 490 APP.debug.xcconfig"; sourceTree = "<group>"; };
/* End PBXFileReference section */

/* Begin PBXFrameworksBuildPhase section */
		82FF659C20277F3200AAA865 /* Frameworks */ = {
			isa = PBXFrameworksBuildPhase;
			buildActionMask = 2147483647;
			files = (
				037035AE5038A423CF3437FA /* Pods_CS_490_APP.framework in Frameworks */,
			);
			runOnlyForDeploymentPostprocessing = 0;
		};
/* End PBXFrameworksBuildPhase section */

/* Begin PBXGroup section */
		19EE96F6B5E94FC9EF42DA6C /* Frameworks */ = {
			isa = PBXGroup;
			children = (
				C63A95907A5B9AB0FB245B8B /* Pods_CS_490_APP.framework */,
			);
			name = Frameworks;
			sourceTree = "<group>";
		};
		82FF659620277F3200AAA865 = {
			isa = PBXGroup;
			children = (
				82FF65B72028F83900AAA865 /* Models */,
				82FF65A120277F3200AAA865 /* CS 490 APP */,
				82FF65A020277F3200AAA865 /* Products */,
				CB144EF282CFF30B436A1059 /* Pods */,
				19EE96F6B5E94FC9EF42DA6C /* Frameworks */,
			);
			sourceTree = "<group>";
		};
		82FF65A020277F3200AAA865 /* Products */ = {
			isa = PBXGroup;
			children = (
				82FF659F20277F3200AAA865 /* CS 490 APP.app */,
			);
			name = Products;
			sourceTree = "<group>";
		};
		82FF65A120277F3200AAA865 /* CS 490 APP */ = {
			isa = PBXGroup;
			children = (
				82FF65A220277F3200AAA865 /* AppDelegate.swift */,
				82FF65A420277F3200AAA865 /* ViewController.swift */,
				82FF65A620277F3200AAA865 /* Main.storyboard */,
				82FF65AC20277F3200AAA865 /* Assets.xcassets */,
				82FF65AE20277F3200AAA865 /* LaunchScreen.storyboard */,
				82FF65B120277F3200AAA865 /* Info.plist */,
				82FF65A920277F3200AAA865 /* CS_490_APP.xcdatamodeld */,
			);
			path = "CS 490 APP";
			sourceTree = "<group>";
		};
		82FF65B72028F83900AAA865 /* Models */ = {
			isa = PBXGroup;
			children = (
				82FF65B82028F9FD00AAA865 /* TVShow.swift */,
			);
			path = Models;
			sourceTree = "<group>";
		};
		CB144EF282CFF30B436A1059 /* Pods */ = {
			isa = PBXGroup;
			children = (
				CE0066E03A3497C86766576C /* Pods-CS 490 APP.debug.xcconfig */,
				7C8792753E53BA50DB188F95 /* Pods-CS 490 APP.release.xcconfig */,
			);
			name = Pods;
			sourceTree = "<group>";
		};
/* End PBXGroup section */

/* Begin PBXNativeTarget section */
		82FF659E20277F3200AAA865 /* CS 490 APP */ = {
			isa = PBXNativeTarget;
			buildConfigurationList = 82FF65B420277F3200AAA865 /* Build configuration list for PBXNativeTarget "CS 490 APP" */;
			buildPhases = (
				6B0C1F3FE206811B8442AB71 /* [CP] Check Pods Manifest.lock */,
				82FF659B20277F3200AAA865 /* Sources */,
				82FF659C20277F3200AAA865 /* Frameworks */,
				82FF659D20277F3200AAA865 /* Resources */,
				95EFE367BE4772E3C05B8C1A /* [CP] Embed Pods Frameworks */,
				0A564A8C4C0D54EA2B64C3EC /* [CP] Copy Pods Resources */,
			);
			buildRules = (
			);
			dependencies = (
			);
			name = "CS 490 APP";
			productName = "CS 490 APP";
			productReference = 82FF659F20277F3200AAA865 /* CS 490 APP.app */;
			productType = "com.apple.product-type.application";
		};
/* End PBXNativeTarget section */

/* Begin PBXProject section */
		82FF659720277F3200AAA865 /* Project object */ = {
			isa = PBXProject;
			attributes = {
				LastSwiftUpdateCheck = 0920;
				LastUpgradeCheck = 0920;
				ORGANIZATIONNAME = "Tim Beemsterboer";
				TargetAttributes = {
					82FF659E20277F3200AAA865 = {
						CreatedOnToolsVersion = 9.2;
						ProvisioningStyle = Automatic;
					};
				};
			};
			buildConfigurationList = 82FF659A20277F3200AAA865 /* Build configuration list for PBXProject "CS 490 APP" */;
			compatibilityVersion = "Xcode 8.0";
			developmentRegion = en;
			hasScannedForEncodings = 0;
			knownRegions = (
				en,
				Base,
			);
			mainGroup = 82FF659620277F3200AAA865;
			productRefGroup = 82FF65A020277F3200AAA865 /* Products */;
			projectDirPath = "";
			projectRoot = "";
			targets = (
				82FF659E20277F3200AAA865 /* CS 490 APP */,
			);
		};
/* End PBXProject section */

/* Begin PBXResourcesBuildPhase section */
		82FF659D20277F3200AAA865 /* Resources */ = {
			isa = PBXResourcesBuildPhase;
			buildActionMask = 2147483647;
			files = (
				82FF65B020277F3200AAA865 /* LaunchScreen.storyboard in Resources */,
				82FF65AD20277F3200AAA865 /* Assets.xcassets in Resources */,
				82FF65A820277F3200AAA865 /* Main.storyboard in Resources */,
			);
			runOnlyForDeploymentPostprocessing = 0;
		};
/* End PBXResourcesBuildPhase section */

/* Begin PBXShellScriptBuildPhase section */
		0A564A8C4C0D54EA2B64C3EC /* [CP] Copy Pods Resources */ = {
			isa = PBXShellScriptBuildPhase;
			buildActionMask = 2147483647;
			files = (
			);
			inputPaths = (
			);
			name = "[CP] Copy Pods Resources";
			outputPaths = (
			);
			runOnlyForDeploymentPostprocessing = 0;
			shellPath = /bin/sh;
			shellScript = "\"${SRCROOT}/Pods/Target Support Files/Pods-CS 490 APP/Pods-CS 490 APP-resources.sh\"\n";
			showEnvVarsInLog = 0;
		};
		6B0C1F3FE206811B8442AB71 /* [CP] Check Pods Manifest.lock */ = {
			isa = PBXShellScriptBuildPhase;
			buildActionMask = 2147483647;
			files = (
			);
			inputPaths = (
				"${PODS_PODFILE_DIR_PATH}/Podfile.lock",
				"${PODS_ROOT}/Manifest.lock",
			);
			name = "[CP] Check Pods Manifest.lock";
			outputPaths = (
				"$(DERIVED_FILE_DIR)/Pods-CS 490 APP-checkManifestLockResult.txt",
			);
			runOnlyForDeploymentPostprocessing = 0;
			shellPath = /bin/sh;
			shellScript = "diff \"${PODS_PODFILE_DIR_PATH}/Podfile.lock\" \"${PODS_ROOT}/Manifest.lock\" > /dev/null\nif [ $? != 0 ] ; then\n    # print error to STDERR\n    echo \"error: The sandbox is not in sync with the Podfile.lock. Run 'pod install' or update your CocoaPods installation.\" >&2\n    exit 1\nfi\n# This output is used by Xcode 'outputs' to avoid re-running this script phase.\necho \"SUCCESS\" > \"${SCRIPT_OUTPUT_FILE_0}\"\n";
			showEnvVarsInLog = 0;
		};
		95EFE367BE4772E3C05B8C1A /* [CP] Embed Pods Frameworks */ = {
			isa = PBXShellScriptBuildPhase;
			buildActionMask = 2147483647;
			files = (
			);
			inputPaths = (
				"${SRCROOT}/Pods/Target Support Files/Pods-CS 490 APP/Pods-CS 490 APP-frameworks.sh",
				"${BUILT_PRODUCTS_DIR}/Alamofire/Alamofire.framework",
				"${BUILT_PRODUCTS_DIR}/Socket.IO-Client-Swift/SocketIO.framework",
				"${BUILT_PRODUCTS_DIR}/Starscream/Starscream.framework",
				"${BUILT_PRODUCTS_DIR}/SwiftyJSON/SwiftyJSON.framework",
			);
			name = "[CP] Embed Pods Frameworks";
			outputPaths = (
				"${TARGET_BUILD_DIR}/${FRAMEWORKS_FOLDER_PATH}/Alamofire.framework",
				"${TARGET_BUILD_DIR}/${FRAMEWORKS_FOLDER_PATH}/SocketIO.framework",
				"${TARGET_BUILD_DIR}/${FRAMEWORKS_FOLDER_PATH}/Starscream.framework",
				"${TARGET_BUILD_DIR}/${FRAMEWORKS_FOLDER_PATH}/SwiftyJSON.framework",
			);
			runOnlyForDeploymentPostprocessing = 0;
			shellPath = /bin/sh;
			shellScript = "\"${SRCROOT}/Pods/Target Support Files/Pods-CS 490 APP/Pods-CS 490 APP-frameworks.sh\"\n";
			showEnvVarsInLog = 0;
		};
/* End PBXShellScriptBuildPhase section */

/* Begin PBXSourcesBuildPhase section */
		82FF659B20277F3200AAA865 /* Sources */ = {
			isa = PBXSourcesBuildPhase;
			buildActionMask = 2147483647;
			files = (
				82FF65A520277F3200AAA865 /* ViewController.swift in Sources */,
				82FF65A320277F3200AAA865 /* AppDelegate.swift in Sources */,
				82FF65B92028F9FD00AAA865 /* TVShow.swift in Sources */,
				82FF65AB20277F3200AAA865 /* CS_490_APP.xcdatamodeld in Sources */,
			);
			runOnlyForDeploymentPostprocessing = 0;
		};
/* End PBXSourcesBuildPhase section */

/* Begin PBXVariantGroup section */
		82FF65A620277F3200AAA865 /* Main.storyboard */ = {
			isa = PBXVariantGroup;
			children = (
				82FF65A720277F3200AAA865 /* Base */,
			);
			name = Main.storyboard;
			sourceTree = "<group>";
		};
		82FF65AE20277F3200AAA865 /* LaunchScreen.storyboard */ = {
			isa = PBXVariantGroup;
			children = (
				82FF65AF20277F3200AAA865 /* Base */,
			);
			name = LaunchScreen.storyboard;
			sourceTree = "<group>";
		};
/* End PBXVariantGroup section */

/* Begin XCBuildConfiguration section */
		82FF65B220277F3200AAA865 /* Debug */ = {
			isa = XCBuildConfiguration;
			buildSettings = {
				ALWAYS_SEARCH_USER_PATHS = NO;
				CLANG_ANALYZER_NONNULL = YES;
				CLANG_ANALYZER_NUMBER_OBJECT_CONVERSION = YES_AGGRESSIVE;
				CLANG_CXX_LANGUAGE_STANDARD = "gnu++14";
				CLANG_CXX_LIBRARY = "libc++";
				CLANG_ENABLE_MODULES = YES;
				CLANG_ENABLE_OBJC_ARC = YES;
				CLANG_WARN_BLOCK_CAPTURE_AUTORELEASING = YES;
				CLANG_WARN_BOOL_CONVERSION = YES;
				CLANG_WARN_COMMA = YES;
				CLANG_WARN_CONSTANT_CONVERSION = YES;
				CLANG_WARN_DIRECT_OBJC_ISA_USAGE = YES_ERROR;
				CLANG_WARN_DOCUMENTATION_COMMENTS = YES;
				CLANG_WARN_EMPTY_BODY = YES;
				CLANG_WARN_ENUM_CONVERSION = YES;
				CLANG_WARN_INFINITE_RECURSION = YES;
				CLANG_WARN_INT_CONVERSION = YES;
				CLANG_WARN_NON_LITERAL_NULL_CONVERSION = YES;
				CLANG_WARN_OBJC_LITERAL_CONVERSION = YES;
				CLANG_WARN_OBJC_ROOT_CLASS = YES_ERROR;
				CLANG_WARN_RANGE_LOOP_ANALYSIS = YES;
				CLANG_WARN_STRICT_PROTOTYPES = YES;
				CLANG_WARN_SUSPICIOUS_MOVE = YES;
				CLANG_WARN_UNGUARDED_AVAILABILITY = YES_AGGRESSIVE;
				CLANG_WARN_UNREACHABLE_CODE = YES;
				CLANG_WARN__DUPLICATE_METHOD_MATCH = YES;
				CODE_SIGN_IDENTITY = "iPhone Developer";
				COPY_PHASE_STRIP = NO;
				DEBUG_INFORMATION_FORMAT = dwarf;
				ENABLE_STRICT_OBJC_MSGSEND = YES;
				ENABLE_TESTABILITY = YES;
				GCC_C_LANGUAGE_STANDARD = gnu11;
				GCC_DYNAMIC_NO_PIC = NO;
				GCC_NO_COMMON_BLOCKS = YES;
				GCC_OPTIMIZATION_LEVEL = 0;
				GCC_PREPROCESSOR_DEFINITIONS = (
					"DEBUG=1",
					"$(inherited)",
				);
				GCC_WARN_64_TO_32_BIT_CONVERSION = YES;
				GCC_WARN_ABOUT_RETURN_TYPE = YES_ERROR;
				GCC_WARN_UNDECLARED_SELECTOR = YES;
				GCC_WARN_UNINITIALIZED_AUTOS = YES_AGGRESSIVE;
				GCC_WARN_UNUSED_FUNCTION = YES;
				GCC_WARN_UNUSED_VARIABLE = YES;
				IPHONEOS_DEPLOYMENT_TARGET = 11.2;
				MTL_ENABLE_DEBUG_INFO = YES;
				ONLY_ACTIVE_ARCH = YES;
				SDKROOT = iphoneos;
				SWIFT_ACTIVE_COMPILATION_CONDITIONS = DEBUG;
				SWIFT_OPTIMIZATION_LEVEL = "-Onone";
			};
			name = Debug;
		};
		82FF65B320277F3200AAA865 /* Release */ = {
			isa = XCBuildConfiguration;
			buildSettings = {
				ALWAYS_SEARCH_USER_PATHS = NO;
				CLANG_ANALYZER_NONNULL = YES;
				CLANG_ANALYZER_NUMBER_OBJECT_CONVERSION = YES_AGGRESSIVE;
				CLANG_CXX_LANGUAGE_STANDARD = "gnu++14";
				CLANG_CXX_LIBRARY = "libc++";
				CLANG_ENABLE_MODULES = YES;
				CLANG_ENABLE_OBJC_ARC = YES;
				CLANG_WARN_BLOCK_CAPTURE_AUTORELEASING = YES;
				CLANG_WARN_BOOL_CONVERSION = YES;
				CLANG_WARN_COMMA = YES;
				CLANG_WARN_CONSTANT_CONVERSION = YES;
				CLANG_WARN_DIRECT_OBJC_ISA_USAGE = YES_ERROR;
				CLANG_WARN_DOCUMENTATION_COMMENTS = YES;
				CLANG_WARN_EMPTY_BODY = YES;
				CLANG_WARN_ENUM_CONVERSION = YES;
				CLANG_WARN_INFINITE_RECURSION = YES;
				CLANG_WARN_INT_CONVERSION = YES;
				CLANG_WARN_NON_LITERAL_NULL_CONVERSION = YES;
				CLANG_WARN_OBJC_LITERAL_CONVERSION = YES;
				CLANG_WARN_OBJC_ROOT_CLASS = YES_ERROR;
				CLANG_WARN_RANGE_LOOP_ANALYSIS = YES;
				CLANG_WARN_STRICT_PROTOTYPES = YES;
				CLANG_WARN_SUSPICIOUS_MOVE = YES;
				CLANG_WARN_UNGUARDED_AVAILABILITY = YES_AGGRESSIVE;
				CLANG_WARN_UNREACHABLE_CODE = YES;
				CLANG_WARN__DUPLICATE_METHOD_MATCH = YES;
				CODE_SIGN_IDENTITY = "iPhone Developer";
				COPY_PHASE_STRIP = NO;
				DEBUG_INFORMATION_FORMAT = "dwarf-with-dsym";
				ENABLE_NS_ASSERTIONS = NO;
				ENABLE_STRICT_OBJC_MSGSEND = YES;
				GCC_C_LANGUAGE_STANDARD = gnu11;
				GCC_NO_COMMON_BLOCKS = YES;
				GCC_WARN_64_TO_32_BIT_CONVERSION = YES;
				GCC_WARN_ABOUT_RETURN_TYPE = YES_ERROR;
				GCC_WARN_UNDECLARED_SELECTOR = YES;
				GCC_WARN_UNINITIALIZED_AUTOS = YES_AGGRESSIVE;
				GCC_WARN_UNUSED_FUNCTION = YES;
				GCC_WARN_UNUSED_VARIABLE = YES;
				IPHONEOS_DEPLOYMENT_TARGET = 11.2;
				MTL_ENABLE_DEBUG_INFO = NO;
				SDKROOT = iphoneos;
				SWIFT_OPTIMIZATION_LEVEL = "-Owholemodule";
				VALIDATE_PRODUCT = YES;
			};
			name = Release;
		};
		82FF65B520277F3200AAA865 /* Debug */ = {
			isa = XCBuildConfiguration;
			baseConfigurationReference = CE0066E03A3497C86766576C /* Pods-CS 490 APP.debug.xcconfig */;
			buildSettings = {
				ASSETCATALOG_COMPILER_APPICON_NAME = AppIcon;
				CODE_SIGN_STYLE = Automatic;
				INFOPLIST_FILE = "CS 490 APP/Info.plist";
				LD_RUNPATH_SEARCH_PATHS = "$(inherited) @executable_path/Frameworks";
				PRODUCT_BUNDLE_IDENTIFIER = "com.timBeem.CS-490-APP";
				PRODUCT_NAME = "$(TARGET_NAME)";
				SWIFT_VERSION = 4.0;
				TARGETED_DEVICE_FAMILY = "1,2";
			};
			name = Debug;
		};
		82FF65B620277F3200AAA865 /* Release */ = {
			isa = XCBuildConfiguration;
			baseConfigurationReference = 7C8792753E53BA50DB188F95 /* Pods-CS 490 APP.release.xcconfig */;
			buildSettings = {
				ASSETCATALOG_COMPILER_APPICON_NAME = AppIcon;
				CODE_SIGN_STYLE = Automatic;
				INFOPLIST_FILE = "CS 490 APP/Info.plist";
				LD_RUNPATH_SEARCH_PATHS = "$(inherited) @executable_path/Frameworks";
				PRODUCT_BUNDLE_IDENTIFIER = "com.timBeem.CS-490-APP";
				PRODUCT_NAME = "$(TARGET_NAME)";
				SWIFT_VERSION = 4.0;
				TARGETED_DEVICE_FAMILY = "1,2";
			};
			name = Release;
		};
/* End XCBuildConfiguration section */

/* Begin XCConfigurationList section */
		82FF659A20277F3200AAA865 /* Build configuration list for PBXProject "CS 490 APP" */ = {
			isa = XCConfigurationList;
			buildConfigurations = (
				82FF65B220277F3200AAA865 /* Debug */,
				82FF65B320277F3200AAA865 /* Release */,
			);
			defaultConfigurationIsVisible = 0;
			defaultConfigurationName = Release;
		};
		82FF65B420277F3200AAA865 /* Build configuration list for PBXNativeTarget "CS 490 APP" */ = {
			isa = XCConfigurationList;
			buildConfigurations = (
				82FF65B520277F3200AAA865 /* Debug */,
				82FF65B620277F3200AAA865 /* Release */,
			);
			defaultConfigurationIsVisible = 0;
			defaultConfigurationName = Release;
		};
/* End XCConfigurationList section */

/* Begin XCVersionGroup section */
		82FF65A920277F3200AAA865 /* CS_490_APP.xcdatamodeld */ = {
			isa = XCVersionGroup;
			children = (
				82FF65AA20277F3200AAA865 /* CS_490_APP.xcdatamodel */,
			);
			currentVersion = 82FF65AA20277F3200AAA865 /* CS_490_APP.xcdatamodel */;
			path = CS_490_APP.xcdatamodeld;
			sourceTree = "<group>";
			versionGroupType = wrapper.xcdatamodel;
		};
/* End XCVersionGroup section */
	};
	rootObject = 82FF659720277F3200AAA865 /* Project object */;
}
